
Microsoft Visual Studio Solution File, Format Version 12.00
# Visual Studio Version 17
VisualStudioVersion = 17.0.31903.59
MinimumVisualStudioVersion = 10.0.40219.1
Project("{FAE04EC0-301F-11D3-BF4B-00C04F79EFBC}") = "Fundraising.Data", "Fundraising.Data\Fundraising.Data.csproj", "{5B12726B-DB7E-4658-BE44-239070C6168A}"
EndProject
Project("{FAE04EC0-301F-11D3-BF4B-00C04F79EFBC}") = "Fundraising.Api", "Fundraising.Api\Fundraising.Api.csproj", "{0F043F33-EA75-4C1B-AEF5-420BB677B003}"
EndProject
Global
	GlobalSection(SolutionConfigurationPlatforms) = preSolution
		Debug|Any CPU = Debug|Any CPU
		Release|Any CPU = Release|Any CPU
	EndGlobalSection
	GlobalSection(SolutionProperties) = preSolution
		HideSolutionNode = FALSE
	EndGlobalSection
	GlobalSection(ProjectConfigurationPlatforms) = postSolution
		{5B12726B-DB7E-4658-BE44-239070C6168A}.Debug|Any CPU.ActiveCfg = Debug|Any CPU
		{5B12726B-DB7E-4658-BE44-239070C6168A}.Debug|Any CPU.Build.0 = Debug|Any CPU
		{5B12726B-DB7E-4658-BE44-239070C6168A}.Release|Any CPU.ActiveCfg = Release|Any CPU
		{5B12726B-DB7E-4658-BE44-239070C6168A}.Release|Any CPU.Build.0 = Release|Any CPU
		{0F043F33-EA75-4C1B-AEF5-420BB677B003}.Debug|Any CPU.ActiveCfg = Debug|Any CPU
		{0F043F33-EA75-4C1B-AEF5-420BB677B003}.Debug|Any CPU.Build.0 = Debug|Any CPU
		{0F043F33-EA75-4C1B-AEF5-420BB677B003}.Release|Any CPU.ActiveCfg = Release|Any CPU
		{0F043F33-EA75-4C1B-AEF5-420BB677B003}.Release|Any CPU.Build.0 = Release|Any CPU
	EndGlobalSection
EndGlobal
