
Microsoft Visual Studio Solution File, Format Version 12.00
# Visual Studio Version 17
VisualStudioVersion = 17.10.34607.79
MinimumVisualStudioVersion = 10.0.40219.1
Project("{9A19103F-16F7-4668-BE54-9A1E7A4F7556}") = "TaxiManager", "TaxiManager.csproj", "{D1CD065D-A01C-4651-97CB-412DEF6FDDBF}"
EndProject
Global
	GlobalSection(SolutionConfigurationPlatforms) = preSolution
		Debug|Any CPU = Debug|Any CPU
		Release|Any CPU = Release|Any CPU
	EndGlobalSection
	GlobalSection(ProjectConfigurationPlatforms) = postSolution
		{D1CD065D-A01C-4651-97CB-412DEF6FDDBF}.Debug|Any CPU.ActiveCfg = Debug|Any CPU
		{D1CD065D-A01C-4651-97CB-412DEF6FDDBF}.Debug|Any CPU.Build.0 = Debug|Any CPU
		{D1CD065D-A01C-4651-97CB-412DEF6FDDBF}.Release|Any CPU.ActiveCfg = Release|Any CPU
		{D1CD065D-A01C-4651-97CB-412DEF6FDDBF}.Release|Any CPU.Build.0 = Release|Any CPU
	EndGlobalSection
	GlobalSection(SolutionProperties) = preSolution
		HideSolutionNode = FALSE
	EndGlobalSection
	GlobalSection(ExtensibilityGlobals) = postSolution
		SolutionGuid = {65F7D297-BE38-4D61-B088-B2066603A1A8}
	EndGlobalSection
EndGlobal
